
Microsoft Visual Studio Solution File, Format Version 12.00
# Visual Studio 15
VisualStudioVersion = 15.0.28307.271
MinimumVisualStudioVersion = 10.0.40219.1
Project("{FAE04EC0-301F-11D3-BF4B-00C04F79EFBC}") = "Authentication.Web", "Authentication.Web\Authentication.Web.csproj", "{B7D3F963-4746-4C7F-A076-DB293F390FFB}"
EndProject
Global
	GlobalSection(SolutionConfigurationPlatforms) = preSolution
		Debug|Any CPU = Debug|Any CPU
		Release|Any CPU = Release|Any CPU
	EndGlobalSection
	GlobalSection(ProjectConfigurationPlatforms) = postSolution
		{B7D3F963-4746-4C7F-A076-DB293F390FFB}.Debug|Any CPU.ActiveCfg = Debug|Any CPU
		{B7D3F963-4746-4C7F-A076-DB293F390FFB}.Debug|Any CPU.Build.0 = Debug|Any CPU
		{B7D3F963-4746-4C7F-A076-DB293F390FFB}.Release|Any CPU.ActiveCfg = Release|Any CPU
		{B7D3F963-4746-4C7F-A076-DB293F390FFB}.Release|Any CPU.Build.0 = Release|Any CPU
	EndGlobalSection
	GlobalSection(SolutionProperties) = preSolution
		HideSolutionNode = FALSE
	EndGlobalSection
	GlobalSection(ExtensibilityGlobals) = postSolution
		SolutionGuid = {B4F335B8-5948-448D-A33B-105CFE98430C}
	EndGlobalSection
EndGlobal
